
Microsoft Visual Studio Solution File, Format Version 12.00
# Visual Studio Version 16
VisualStudioVersion = 16.0.31729.503
MinimumVisualStudioVersion = 10.0.40219.1
Project("{FAE04EC0-301F-11D3-BF4B-00C04F79EFBC}") = "Pino_Examen.Android", "Pino_Examen.Android\Pino_Examen.Android.csproj", "{34DB7F03-2820-47A2-9C05-9071BB7D0812}"
EndProject
Project("{FAE04EC0-301F-11D3-BF4B-00C04F79EFBC}") = "Pino_Examen.iOS", "Pino_Examen.iOS\Pino_Examen.iOS.csproj", "{16459F4F-F8EC-41BB-BBDB-5055DC72AB86}"
EndProject
Project("{FAE04EC0-301F-11D3-BF4B-00C04F79EFBC}") = "Pino_Examen", "Pino_Examen\Pino_Examen.csproj", "{4033CF18-146F-4E4D-B958-954E701856D8}"
EndProject
Global
	GlobalSection(SolutionConfigurationPlatforms) = preSolution
		Debug|Any CPU = Debug|Any CPU
		Debug|iPhone = Debug|iPhone
		Debug|iPhoneSimulator = Debug|iPhoneSimulator
		Release|Any CPU = Release|Any CPU
		Release|iPhone = Release|iPhone
		Release|iPhoneSimulator = Release|iPhoneSimulator
	EndGlobalSection
	GlobalSection(ProjectConfigurationPlatforms) = postSolution
		{34DB7F03-2820-47A2-9C05-9071BB7D0812}.Debug|Any CPU.ActiveCfg = Debug|Any CPU
		{34DB7F03-2820-47A2-9C05-9071BB7D0812}.Debug|Any CPU.Build.0 = Debug|Any CPU
		{34DB7F03-2820-47A2-9C05-9071BB7D0812}.Debug|Any CPU.Deploy.0 = Debug|Any CPU
		{34DB7F03-2820-47A2-9C05-9071BB7D0812}.Debug|iPhone.ActiveCfg = Debug|Any CPU
		{34DB7F03-2820-47A2-9C05-9071BB7D0812}.Debug|iPhone.Build.0 = Debug|Any CPU
		{34DB7F03-2820-47A2-9C05-9071BB7D0812}.Debug|iPhone.Deploy.0 = Debug|Any CPU
		{34DB7F03-2820-47A2-9C05-9071BB7D0812}.Debug|iPhoneSimulator.ActiveCfg = Debug|Any CPU
		{34DB7F03-2820-47A2-9C05-9071BB7D0812}.Debug|iPhoneSimulator.Build.0 = Debug|Any CPU
		{34DB7F03-2820-47A2-9C05-9071BB7D0812}.Debug|iPhoneSimulator.Deploy.0 = Debug|Any CPU
		{34DB7F03-2820-47A2-9C05-9071BB7D0812}.Release|Any CPU.ActiveCfg = Release|Any CPU
		{34DB7F03-2820-47A2-9C05-9071BB7D0812}.Release|Any CPU.Build.0 = Release|Any CPU
		{34DB7F03-2820-47A2-9C05-9071BB7D0812}.Release|Any CPU.Deploy.0 = Release|Any CPU
		{34DB7F03-2820-47A2-9C05-9071BB7D0812}.Release|iPhone.ActiveCfg = Release|Any CPU
		{34DB7F03-2820-47A2-9C05-9071BB7D0812}.Release|iPhone.Build.0 = Release|Any CPU
		{34DB7F03-2820-47A2-9C05-9071BB7D0812}.Release|iPhone.Deploy.0 = Release|Any CPU
		{34DB7F03-2820-47A2-9C05-9071BB7D0812}.Release|iPhoneSimulator.ActiveCfg = Release|Any CPU
		{34DB7F03-2820-47A2-9C05-9071BB7D0812}.Release|iPhoneSimulator.Build.0 = Release|Any CPU
		{34DB7F03-2820-47A2-9C05-9071BB7D0812}.Release|iPhoneSimulator.Deploy.0 = Release|Any CPU
		{16459F4F-F8EC-41BB-BBDB-5055DC72AB86}.Debug|Any CPU.ActiveCfg = Debug|iPhone
		{16459F4F-F8EC-41BB-BBDB-5055DC72AB86}.Debug|Any CPU.Build.0 = Debug|iPhone
		{16459F4F-F8EC-41BB-BBDB-5055DC72AB86}.Debug|Any CPU.Deploy.0 = Debug|iPhone
		{16459F4F-F8EC-41BB-BBDB-5055DC72AB86}.Debug|iPhone.ActiveCfg = Debug|iPhone
		{16459F4F-F8EC-41BB-BBDB-5055DC72AB86}.Debug|iPhone.Build.0 = Debug|iPhone
		{16459F4F-F8EC-41BB-BBDB-5055DC72AB86}.Debug|iPhone.Deploy.0 = Debug|iPhone
		{16459F4F-F8EC-41BB-BBDB-5055DC72AB86}.Debug|iPhoneSimulator.ActiveCfg = Debug|iPhoneSimulator
		{16459F4F-F8EC-41BB-BBDB-5055DC72AB86}.Debug|iPhoneSimulator.Build.0 = Debug|iPhoneSimulator
		{16459F4F-F8EC-41BB-BBDB-5055DC72AB86}.Debug|iPhoneSimulator.Deploy.0 = Debug|iPhoneSimulator
		{16459F4F-F8EC-41BB-BBDB-5055DC72AB86}.Release|Any CPU.ActiveCfg = Release|iPhoneSimulator
		{16459F4F-F8EC-41BB-BBDB-5055DC72AB86}.Release|Any CPU.Build.0 = Release|iPhoneSimulator
		{16459F4F-F8EC-41BB-BBDB-5055DC72AB86}.Release|Any CPU.Deploy.0 = Release|iPhoneSimulator
		{16459F4F-F8EC-41BB-BBDB-5055DC72AB86}.Release|iPhone.ActiveCfg = Release|iPhone
		{16459F4F-F8EC-41BB-BBDB-5055DC72AB86}.Release|iPhone.Build.0 = Release|iPhone
		{16459F4F-F8EC-41BB-BBDB-5055DC72AB86}.Release|iPhone.Deploy.0 = Release|iPhone
		{16459F4F-F8EC-41BB-BBDB-5055DC72AB86}.Release|iPhoneSimulator.ActiveCfg = Release|iPhoneSimulator
		{16459F4F-F8EC-41BB-BBDB-5055DC72AB86}.Release|iPhoneSimulator.Build.0 = Release|iPhoneSimulator
		{16459F4F-F8EC-41BB-BBDB-5055DC72AB86}.Release|iPhoneSimulator.Deploy.0 = Release|iPhoneSimulator
		{4033CF18-146F-4E4D-B958-954E701856D8}.Debug|Any CPU.ActiveCfg = Debug|Any CPU
		{4033CF18-146F-4E4D-B958-954E701856D8}.Debug|Any CPU.Build.0 = Debug|Any CPU
		{4033CF18-146F-4E4D-B958-954E701856D8}.Debug|Any CPU.Deploy.0 = Debug|Any CPU
		{4033CF18-146F-4E4D-B958-954E701856D8}.Debug|iPhone.ActiveCfg = Debug|Any CPU
		{4033CF18-146F-4E4D-B958-954E701856D8}.Debug|iPhone.Build.0 = Debug|Any CPU
		{4033CF18-146F-4E4D-B958-954E701856D8}.Debug|iPhone.Deploy.0 = Debug|Any CPU
		{4033CF18-146F-4E4D-B958-954E701856D8}.Debug|iPhoneSimulator.ActiveCfg = Debug|Any CPU
		{4033CF18-146F-4E4D-B958-954E701856D8}.Debug|iPhoneSimulator.Build.0 = Debug|Any CPU
		{4033CF18-146F-4E4D-B958-954E701856D8}.Debug|iPhoneSimulator.Deploy.0 = Debug|Any CPU
		{4033CF18-146F-4E4D-B958-954E701856D8}.Release|Any CPU.ActiveCfg = Release|Any CPU
		{4033CF18-146F-4E4D-B958-954E701856D8}.Release|Any CPU.Build.0 = Release|Any CPU
		{4033CF18-146F-4E4D-B958-954E701856D8}.Release|Any CPU.Deploy.0 = Release|Any CPU
		{4033CF18-146F-4E4D-B958-954E701856D8}.Release|iPhone.ActiveCfg = Release|Any CPU
		{4033CF18-146F-4E4D-B958-954E701856D8}.Release|iPhone.Build.0 = Release|Any CPU
		{4033CF18-146F-4E4D-B958-954E701856D8}.Release|iPhone.Deploy.0 = Release|Any CPU
		{4033CF18-146F-4E4D-B958-954E701856D8}.Release|iPhoneSimulator.ActiveCfg = Release|Any CPU
		{4033CF18-146F-4E4D-B958-954E701856D8}.Release|iPhoneSimulator.Build.0 = Release|Any CPU
		{4033CF18-146F-4E4D-B958-954E701856D8}.Release|iPhoneSimulator.Deploy.0 = Release|Any CPU
	EndGlobalSection
	GlobalSection(SolutionProperties) = preSolution
		HideSolutionNode = FALSE
	EndGlobalSection
	GlobalSection(ExtensibilityGlobals) = postSolution
		SolutionGuid = {DCF0A70C-3742-474A-A624-918A94916922}
	EndGlobalSection
EndGlobal
